// !$*UTF8*$!
{
	archiveVersion = 1;
	classes = {
	};
	objectVersion = 55;
	objects = {

/* Begin PBXBuildFile section */
		8237CBC52920E809005FCC87 /* NavigationBar.swift in Sources */ = {isa = PBXBuildFile; fileRef = 8237CBC32920E809005FCC87 /* NavigationBar.swift */; };
		8237CBC62920E809005FCC87 /* NavigationBar.xib in Resources */ = {isa = PBXBuildFile; fileRef = 8237CBC42920E809005FCC87 /* NavigationBar.xib */; };
		8237CBC92920E844005FCC87 /* Assets.xcassets in Resources */ = {isa = PBXBuildFile; fileRef = 8237CBC82920E844005FCC87 /* Assets.xcassets */; };
		8237CBCC2920E976005FCC87 /* ConstantString.swift in Sources */ = {isa = PBXBuildFile; fileRef = 8237CBCB2920E976005FCC87 /* ConstantString.swift */; };
		8237CBD02920F3AC005FCC87 /* NetworkTests.swift in Sources */ = {isa = PBXBuildFile; fileRef = 8237CBCF2920F3AC005FCC87 /* NetworkTests.swift */; };
		82CBFD14291EC25F008B535B /* AppDelegate.swift in Sources */ = {isa = PBXBuildFile; fileRef = 82CBFD13291EC25F008B535B /* AppDelegate.swift */; };
		82CBFD16291EC25F008B535B /* SceneDelegate.swift in Sources */ = {isa = PBXBuildFile; fileRef = 82CBFD15291EC25F008B535B /* SceneDelegate.swift */; };
		82CBFD18291EC25F008B535B /* MainScreenViewController.swift in Sources */ = {isa = PBXBuildFile; fileRef = 82CBFD17291EC25F008B535B /* MainScreenViewController.swift */; };
		82CBFD1B291EC25F008B535B /* Main.storyboard in Resources */ = {isa = PBXBuildFile; fileRef = 82CBFD19291EC25F008B535B /* Main.storyboard */; };
		82CBFD20291EC260008B535B /* LaunchScreen.storyboard in Resources */ = {isa = PBXBuildFile; fileRef = 82CBFD1E291EC260008B535B /* LaunchScreen.storyboard */; };
		82CBFD35291EC261008B535B /* Juno_AssigmentUITests.swift in Sources */ = {isa = PBXBuildFile; fileRef = 82CBFD34291EC261008B535B /* Juno_AssigmentUITests.swift */; };
		82CBFD37291EC261008B535B /* Juno_AssigmentUITestsLaunchTests.swift in Sources */ = {isa = PBXBuildFile; fileRef = 82CBFD36291EC261008B535B /* Juno_AssigmentUITestsLaunchTests.swift */; };
		82CBFD47291EC4D0008B535B /* DetailScreenViewController.swift in Sources */ = {isa = PBXBuildFile; fileRef = 82CBFD46291EC4D0008B535B /* DetailScreenViewController.swift */; };
		82CBFD49291EC81F008B535B /* CryptoBalance.swift in Sources */ = {isa = PBXBuildFile; fileRef = 82CBFD48291EC81F008B535B /* CryptoBalance.swift */; };
		82CBFD4B291EC884008B535B /* Crypto.swift in Sources */ = {isa = PBXBuildFile; fileRef = 82CBFD4A291EC884008B535B /* Crypto.swift */; };
		82CBFD4E291EC8EA008B535B /* YourCryptoHoldings.swift in Sources */ = {isa = PBXBuildFile; fileRef = 82CBFD4D291EC8EA008B535B /* YourCryptoHoldings.swift */; };
		82CBFD50291EC920008B535B /* CryptoPrices.swift in Sources */ = {isa = PBXBuildFile; fileRef = 82CBFD4F291EC920008B535B /* CryptoPrices.swift */; };
		82CBFD52291EC961008B535B /* AllTransactions.swift in Sources */ = {isa = PBXBuildFile; fileRef = 82CBFD51291EC961008B535B /* AllTransactions.swift */; };
		82CBFD56291ECDEF008B535B /* CryptoNetworking.swift in Sources */ = {isa = PBXBuildFile; fileRef = 82CBFD55291ECDEF008B535B /* CryptoNetworking.swift */; };
		82CBFD59291ED25A008B535B /* MainScreenViewModel.swift in Sources */ = {isa = PBXBuildFile; fileRef = 82CBFD58291ED25A008B535B /* MainScreenViewModel.swift */; };
		82CBFD5D291ED822008B535B /* MainScreenTableViewCell.swift in Sources */ = {isa = PBXBuildFile; fileRef = 82CBFD5B291ED822008B535B /* MainScreenTableViewCell.swift */; };
		82CBFD5E291ED822008B535B /* MainScreenTableViewCell.xib in Resources */ = {isa = PBXBuildFile; fileRef = 82CBFD5C291ED822008B535B /* MainScreenTableViewCell.xib */; };
		857E53331515B2A3900BC057 /* Pods_Juno_AssigmentTests.framework in Frameworks */ = {isa = PBXBuildFile; fileRef = 4DC7901923194823003BA1E3 /* Pods_Juno_AssigmentTests.framework */; };
		944DEF67DB73F897240F3741 /* Pods_Juno_Assigment_Juno_AssigmentUITests.framework in Frameworks */ = {isa = PBXBuildFile; fileRef = BE47BDAFF478C01A645C22A2 /* Pods_Juno_Assigment_Juno_AssigmentUITests.framework */; };
		E928D4190540580F717665B2 /* Pods_Juno_Assigment.framework in Frameworks */ = {isa = PBXBuildFile; fileRef = C499BC7DD0111290F9D6FFCB /* Pods_Juno_Assigment.framework */; };
/* End PBXBuildFile section */

/* Begin PBXContainerItemProxy section */
		82CBFD27291EC261008B535B /* PBXContainerItemProxy */ = {
			isa = PBXContainerItemProxy;
			containerPortal = 82CBFD08291EC25F008B535B /* Project object */;
			proxyType = 1;
			remoteGlobalIDString = 82CBFD0F291EC25F008B535B;
			remoteInfo = Juno_Assigment;
		};
		82CBFD31291EC261008B535B /* PBXContainerItemProxy */ = {
			isa = PBXContainerItemProxy;
			containerPortal = 82CBFD08291EC25F008B535B /* Project object */;
			proxyType = 1;
			remoteGlobalIDString = 82CBFD0F291EC25F008B535B;
			remoteInfo = Juno_Assigment;
		};
/* End PBXContainerItemProxy section */

/* Begin PBXFileReference section */
		4DC7901923194823003BA1E3 /* Pods_Juno_AssigmentTests.framework */ = {isa = PBXFileReference; explicitFileType = wrapper.framework; includeInIndex = 0; path = Pods_Juno_AssigmentTests.framework; sourceTree = BUILT_PRODUCTS_DIR; };
		7E08EE8CAD28A010DDA55492 /* Pods-Juno_Assigment-Juno_AssigmentUITests.release.xcconfig */ = {isa = PBXFileReference; includeInIndex = 1; lastKnownFileType = text.xcconfig; name = "Pods-Juno_Assigment-Juno_AssigmentUITests.release.xcconfig"; path = "Target Support Files/Pods-Juno_Assigment-Juno_AssigmentUITests/Pods-Juno_Assigment-Juno_AssigmentUITests.release.xcconfig"; sourceTree = "<group>"; };
		8237CBC32920E809005FCC87 /* NavigationBar.swift */ = {isa = PBXFileReference; fileEncoding = 4; lastKnownFileType = sourcecode.swift; path = NavigationBar.swift; sourceTree = "<group>"; };
		8237CBC42920E809005FCC87 /* NavigationBar.xib */ = {isa = PBXFileReference; fileEncoding = 4; lastKnownFileType = file.xib; path = NavigationBar.xib; sourceTree = "<group>"; };
		8237CBC82920E844005FCC87 /* Assets.xcassets */ = {isa = PBXFileReference; lastKnownFileType = folder.assetcatalog; path = Assets.xcassets; sourceTree = "<group>"; };
		8237CBCB2920E976005FCC87 /* ConstantString.swift */ = {isa = PBXFileReference; lastKnownFileType = sourcecode.swift; path = ConstantString.swift; sourceTree = "<group>"; };
		8237CBCF2920F3AC005FCC87 /* NetworkTests.swift */ = {isa = PBXFileReference; lastKnownFileType = sourcecode.swift; path = NetworkTests.swift; sourceTree = "<group>"; };
		82CBFD10291EC25F008B535B /* Juno_Assigment.app */ = {isa = PBXFileReference; explicitFileType = wrapper.application; includeInIndex = 0; path = Juno_Assigment.app; sourceTree = BUILT_PRODUCTS_DIR; };
		82CBFD13291EC25F008B535B /* AppDelegate.swift */ = {isa = PBXFileReference; lastKnownFileType = sourcecode.swift; path = AppDelegate.swift; sourceTree = "<group>"; };
		82CBFD15291EC25F008B535B /* SceneDelegate.swift */ = {isa = PBXFileReference; lastKnownFileType = sourcecode.swift; path = SceneDelegate.swift; sourceTree = "<group>"; };
		82CBFD17291EC25F008B535B /* MainScreenViewController.swift */ = {isa = PBXFileReference; lastKnownFileType = sourcecode.swift; path = MainScreenViewController.swift; sourceTree = "<group>"; };
		82CBFD1A291EC25F008B535B /* Base */ = {isa = PBXFileReference; lastKnownFileType = file.storyboard; name = Base; path = Base.lproj/Main.storyboard; sourceTree = "<group>"; };
		82CBFD1F291EC260008B535B /* Base */ = {isa = PBXFileReference; lastKnownFileType = file.storyboard; name = Base; path = Base.lproj/LaunchScreen.storyboard; sourceTree = "<group>"; };
		82CBFD21291EC261008B535B /* Info.plist */ = {isa = PBXFileReference; lastKnownFileType = text.plist.xml; path = Info.plist; sourceTree = "<group>"; };
		82CBFD26291EC261008B535B /* Juno_AssigmentTests.xctest */ = {isa = PBXFileReference; explicitFileType = wrapper.cfbundle; includeInIndex = 0; path = Juno_AssigmentTests.xctest; sourceTree = BUILT_PRODUCTS_DIR; };
		82CBFD30291EC261008B535B /* Juno_AssigmentUITests.xctest */ = {isa = PBXFileReference; explicitFileType = wrapper.cfbundle; includeInIndex = 0; path = Juno_AssigmentUITests.xctest; sourceTree = BUILT_PRODUCTS_DIR; };
		82CBFD34291EC261008B535B /* Juno_AssigmentUITests.swift */ = {isa = PBXFileReference; lastKnownFileType = sourcecode.swift; path = Juno_AssigmentUITests.swift; sourceTree = "<group>"; };
		82CBFD36291EC261008B535B /* Juno_AssigmentUITestsLaunchTests.swift */ = {isa = PBXFileReference; lastKnownFileType = sourcecode.swift; path = Juno_AssigmentUITestsLaunchTests.swift; sourceTree = "<group>"; };
		82CBFD46291EC4D0008B535B /* DetailScreenViewController.swift */ = {isa = PBXFileReference; lastKnownFileType = sourcecode.swift; path = DetailScreenViewController.swift; sourceTree = "<group>"; };
		82CBFD48291EC81F008B535B /* CryptoBalance.swift */ = {isa = PBXFileReference; lastKnownFileType = sourcecode.swift; path = CryptoBalance.swift; sourceTree = "<group>"; };
		82CBFD4A291EC884008B535B /* Crypto.swift */ = {isa = PBXFileReference; lastKnownFileType = sourcecode.swift; path = Crypto.swift; sourceTree = "<group>"; };
		82CBFD4D291EC8EA008B535B /* YourCryptoHoldings.swift */ = {isa = PBXFileReference; lastKnownFileType = sourcecode.swift; path = YourCryptoHoldings.swift; sourceTree = "<group>"; };
		82CBFD4F291EC920008B535B /* CryptoPrices.swift */ = {isa = PBXFileReference; lastKnownFileType = sourcecode.swift; path = CryptoPrices.swift; sourceTree = "<group>"; };
		82CBFD51291EC961008B535B /* AllTransactions.swift */ = {isa = PBXFileReference; lastKnownFileType = sourcecode.swift; path = AllTransactions.swift; sourceTree = "<group>"; };
		82CBFD55291ECDEF008B535B /* CryptoNetworking.swift */ = {isa = PBXFileReference; lastKnownFileType = sourcecode.swift; path = CryptoNetworking.swift; sourceTree = "<group>"; };
		82CBFD58291ED25A008B535B /* MainScreenViewModel.swift */ = {isa = PBXFileReference; lastKnownFileType = sourcecode.swift; path = MainScreenViewModel.swift; sourceTree = "<group>"; };
		82CBFD5B291ED822008B535B /* MainScreenTableViewCell.swift */ = {isa = PBXFileReference; lastKnownFileType = sourcecode.swift; path = MainScreenTableViewCell.swift; sourceTree = "<group>"; };
		82CBFD5C291ED822008B535B /* MainScreenTableViewCell.xib */ = {isa = PBXFileReference; lastKnownFileType = file.xib; path = MainScreenTableViewCell.xib; sourceTree = "<group>"; };
		857E5044BEE82518ACE231CC /* Pods-Juno_AssigmentTests.debug.xcconfig */ = {isa = PBXFileReference; includeInIndex = 1; lastKnownFileType = text.xcconfig; name = "Pods-Juno_AssigmentTests.debug.xcconfig"; path = "Target Support Files/Pods-Juno_AssigmentTests/Pods-Juno_AssigmentTests.debug.xcconfig"; sourceTree = "<group>"; };
		8E8821FBAB2787DB13D91A25 /* Pods-Juno_Assigment.debug.xcconfig */ = {isa = PBXFileReference; includeInIndex = 1; lastKnownFileType = text.xcconfig; name = "Pods-Juno_Assigment.debug.xcconfig"; path = "Target Support Files/Pods-Juno_Assigment/Pods-Juno_Assigment.debug.xcconfig"; sourceTree = "<group>"; };
		98B6D647B657890E8A12D7FB /* Pods-Juno_AssigmentTests.release.xcconfig */ = {isa = PBXFileReference; includeInIndex = 1; lastKnownFileType = text.xcconfig; name = "Pods-Juno_AssigmentTests.release.xcconfig"; path = "Target Support Files/Pods-Juno_AssigmentTests/Pods-Juno_AssigmentTests.release.xcconfig"; sourceTree = "<group>"; };
		A93C655169C94D0BE1AC3521 /* Pods-Juno_Assigment.release.xcconfig */ = {isa = PBXFileReference; includeInIndex = 1; lastKnownFileType = text.xcconfig; name = "Pods-Juno_Assigment.release.xcconfig"; path = "Target Support Files/Pods-Juno_Assigment/Pods-Juno_Assigment.release.xcconfig"; sourceTree = "<group>"; };
		BE47BDAFF478C01A645C22A2 /* Pods_Juno_Assigment_Juno_AssigmentUITests.framework */ = {isa = PBXFileReference; explicitFileType = wrapper.framework; includeInIndex = 0; path = Pods_Juno_Assigment_Juno_AssigmentUITests.framework; sourceTree = BUILT_PRODUCTS_DIR; };
		C499BC7DD0111290F9D6FFCB /* Pods_Juno_Assigment.framework */ = {isa = PBXFileReference; explicitFileType = wrapper.framework; includeInIndex = 0; path = Pods_Juno_Assigment.framework; sourceTree = BUILT_PRODUCTS_DIR; };
		E88B4BC3C2C58355CEBE3008 /* Pods-Juno_Assigment-Juno_AssigmentUITests.debug.xcconfig */ = {isa = PBXFileReference; includeInIndex = 1; lastKnownFileType = text.xcconfig; name = "Pods-Juno_Assigment-Juno_AssigmentUITests.debug.xcconfig"; path = "Target Support Files/Pods-Juno_Assigment-Juno_AssigmentUITests/Pods-Juno_Assigment-Juno_AssigmentUITests.debug.xcconfig"; sourceTree = "<group>"; };
/* End PBXFileReference section */

/* Begin PBXFrameworksBuildPhase section */
		82CBFD0D291EC25F008B535B /* Frameworks */ = {
			isa = PBXFrameworksBuildPhase;
			buildActionMask = 2147483647;
			files = (
				E928D4190540580F717665B2 /* Pods_Juno_Assigment.framework in Frameworks */,
			);
			runOnlyForDeploymentPostprocessing = 0;
		};
		82CBFD23291EC261008B535B /* Frameworks */ = {
			isa = PBXFrameworksBuildPhase;
			buildActionMask = 2147483647;
			files = (
				857E53331515B2A3900BC057 /* Pods_Juno_AssigmentTests.framework in Frameworks */,
			);
			runOnlyForDeploymentPostprocessing = 0;
		};
		82CBFD2D291EC261008B535B /* Frameworks */ = {
			isa = PBXFrameworksBuildPhase;
			buildActionMask = 2147483647;
			files = (
				944DEF67DB73F897240F3741 /* Pods_Juno_Assigment_Juno_AssigmentUITests.framework in Frameworks */,
			);
			runOnlyForDeploymentPostprocessing = 0;
		};
/* End PBXFrameworksBuildPhase section */

/* Begin PBXGroup section */
		611BAF15FADE0D42A450A7DD /* Frameworks */ = {
			isa = PBXGroup;
			children = (
				C499BC7DD0111290F9D6FFCB /* Pods_Juno_Assigment.framework */,
				BE47BDAFF478C01A645C22A2 /* Pods_Juno_Assigment_Juno_AssigmentUITests.framework */,
				4DC7901923194823003BA1E3 /* Pods_Juno_AssigmentTests.framework */,
			);
			name = Frameworks;
			sourceTree = "<group>";
		};
		8237CBC22920E809005FCC87 /* NavigationBar */ = {
			isa = PBXGroup;
			children = (
				8237CBC32920E809005FCC87 /* NavigationBar.swift */,
				8237CBC42920E809005FCC87 /* NavigationBar.xib */,
			);
			path = NavigationBar;
			sourceTree = "<group>";
		};
		8237CBC72920E844005FCC87 /* Assets */ = {
			isa = PBXGroup;
			children = (
				8237CBC82920E844005FCC87 /* Assets.xcassets */,
			);
			path = Assets;
			sourceTree = "<group>";
		};
		8237CBCA2920E953005FCC87 /* Constant */ = {
			isa = PBXGroup;
			children = (
				8237CBCB2920E976005FCC87 /* ConstantString.swift */,
			);
			path = Constant;
			sourceTree = "<group>";
		};
		82CBFD07291EC25F008B535B = {
			isa = PBXGroup;
			children = (
				82CBFD12291EC25F008B535B /* Juno_Assigment */,
				82CBFD29291EC261008B535B /* Juno_AssigmentTests */,
				82CBFD33291EC261008B535B /* Juno_AssigmentUITests */,
				82CBFD11291EC25F008B535B /* Products */,
				9357AE3E5FFE549F2991873F /* Pods */,
				611BAF15FADE0D42A450A7DD /* Frameworks */,
			);
			sourceTree = "<group>";
		};
		82CBFD11291EC25F008B535B /* Products */ = {
			isa = PBXGroup;
			children = (
				82CBFD10291EC25F008B535B /* Juno_Assigment.app */,
				82CBFD26291EC261008B535B /* Juno_AssigmentTests.xctest */,
				82CBFD30291EC261008B535B /* Juno_AssigmentUITests.xctest */,
			);
			name = Products;
			sourceTree = "<group>";
		};
		82CBFD12291EC25F008B535B /* Juno_Assigment */ = {
			isa = PBXGroup;
			children = (
				82CBFD13291EC25F008B535B /* AppDelegate.swift */,
				82CBFD15291EC25F008B535B /* SceneDelegate.swift */,
				8237CBCA2920E953005FCC87 /* Constant */,
				82CBFD45291EC451008B535B /* Model */,
				82CBFD57291ED239008B535B /* ViewModel */,
				82CBFD43291EC3E3008B535B /* View Controllers */,
				82CBFD5A291ED7F0008B535B /* Cells */,
				82CBFD44291EC414008B535B /* Storyboards */,
				8237CBC72920E844005FCC87 /* Assets */,
				82CBFD21291EC261008B535B /* Info.plist */,
			);
			path = Juno_Assigment;
			sourceTree = "<group>";
		};
		82CBFD29291EC261008B535B /* Juno_AssigmentTests */ = {
			isa = PBXGroup;
			children = (
				8237CBCF2920F3AC005FCC87 /* NetworkTests.swift */,
			);
			path = Juno_AssigmentTests;
			sourceTree = "<group>";
		};
		82CBFD33291EC261008B535B /* Juno_AssigmentUITests */ = {
			isa = PBXGroup;
			children = (
				82CBFD34291EC261008B535B /* Juno_AssigmentUITests.swift */,
				82CBFD36291EC261008B535B /* Juno_AssigmentUITestsLaunchTests.swift */,
			);
			path = Juno_AssigmentUITests;
			sourceTree = "<group>";
		};
		82CBFD43291EC3E3008B535B /* View Controllers */ = {
			isa = PBXGroup;
			children = (
				82CBFD17291EC25F008B535B /* MainScreenViewController.swift */,
				82CBFD46291EC4D0008B535B /* DetailScreenViewController.swift */,
			);
			path = "View Controllers";
			sourceTree = "<group>";
		};
		82CBFD44291EC414008B535B /* Storyboards */ = {
			isa = PBXGroup;
			children = (
				82CBFD1E291EC260008B535B /* LaunchScreen.storyboard */,
				82CBFD19291EC25F008B535B /* Main.storyboard */,
			);
			path = Storyboards;
			sourceTree = "<group>";
		};
		82CBFD45291EC451008B535B /* Model */ = {
			isa = PBXGroup;
			children = (
				82CBFD53291ECA07008B535B /* Crypto */,
				82CBFD54291ECDD3008B535B /* Networking */,
			);
			path = Model;
			sourceTree = "<group>";
		};
		82CBFD53291ECA07008B535B /* Crypto */ = {
			isa = PBXGroup;
			children = (
				82CBFD4A291EC884008B535B /* Crypto.swift */,
				82CBFD48291EC81F008B535B /* CryptoBalance.swift */,
				82CBFD4D291EC8EA008B535B /* YourCryptoHoldings.swift */,
				82CBFD4F291EC920008B535B /* CryptoPrices.swift */,
				82CBFD51291EC961008B535B /* AllTransactions.swift */,
			);
			path = Crypto;
			sourceTree = "<group>";
		};
		82CBFD54291ECDD3008B535B /* Networking */ = {
			isa = PBXGroup;
			children = (
				82CBFD55291ECDEF008B535B /* CryptoNetworking.swift */,
			);
			path = Networking;
			sourceTree = "<group>";
		};
		82CBFD57291ED239008B535B /* ViewModel */ = {
			isa = PBXGroup;
			children = (
				82CBFD58291ED25A008B535B /* MainScreenViewModel.swift */,
			);
			path = ViewModel;
			sourceTree = "<group>";
		};
		82CBFD5A291ED7F0008B535B /* Cells */ = {
			isa = PBXGroup;
			children = (
				8237CBC22920E809005FCC87 /* NavigationBar */,
				82CBFD5B291ED822008B535B /* MainScreenTableViewCell.swift */,
				82CBFD5C291ED822008B535B /* MainScreenTableViewCell.xib */,
			);
			path = Cells;
			sourceTree = "<group>";
		};
		9357AE3E5FFE549F2991873F /* Pods */ = {
			isa = PBXGroup;
			children = (
				8E8821FBAB2787DB13D91A25 /* Pods-Juno_Assigment.debug.xcconfig */,
				A93C655169C94D0BE1AC3521 /* Pods-Juno_Assigment.release.xcconfig */,
				E88B4BC3C2C58355CEBE3008 /* Pods-Juno_Assigment-Juno_AssigmentUITests.debug.xcconfig */,
				7E08EE8CAD28A010DDA55492 /* Pods-Juno_Assigment-Juno_AssigmentUITests.release.xcconfig */,
				857E5044BEE82518ACE231CC /* Pods-Juno_AssigmentTests.debug.xcconfig */,
				98B6D647B657890E8A12D7FB /* Pods-Juno_AssigmentTests.release.xcconfig */,
			);
			path = Pods;
			sourceTree = "<group>";
		};
/* End PBXGroup section */

/* Begin PBXNativeTarget section */
		82CBFD0F291EC25F008B535B /* Juno_Assigment */ = {
			isa = PBXNativeTarget;
			buildConfigurationList = 82CBFD3A291EC261008B535B /* Build configuration list for PBXNativeTarget "Juno_Assigment" */;
			buildPhases = (
				3247B3012E4136F0A5D9FE05 /* [CP] Check Pods Manifest.lock */,
				82CBFD0C291EC25F008B535B /* Sources */,
				82CBFD0D291EC25F008B535B /* Frameworks */,
				82CBFD0E291EC25F008B535B /* Resources */,
				B213443173412117560DAC48 /* [CP] Embed Pods Frameworks */,
			);
			buildRules = (
			);
			dependencies = (
			);
			name = Juno_Assigment;
			productName = Juno_Assigment;
			productReference = 82CBFD10291EC25F008B535B /* Juno_Assigment.app */;
			productType = "com.apple.product-type.application";
		};
		82CBFD25291EC261008B535B /* Juno_AssigmentTests */ = {
			isa = PBXNativeTarget;
			buildConfigurationList = 82CBFD3D291EC261008B535B /* Build configuration list for PBXNativeTarget "Juno_AssigmentTests" */;
			buildPhases = (
				5B0418F33938625B847B3FF7 /* [CP] Check Pods Manifest.lock */,
				82CBFD22291EC261008B535B /* Sources */,
				82CBFD23291EC261008B535B /* Frameworks */,
				82CBFD24291EC261008B535B /* Resources */,
			);
			buildRules = (
			);
			dependencies = (
				82CBFD28291EC261008B535B /* PBXTargetDependency */,
			);
			name = Juno_AssigmentTests;
			productName = Juno_AssigmentTests;
			productReference = 82CBFD26291EC261008B535B /* Juno_AssigmentTests.xctest */;
			productType = "com.apple.product-type.bundle.unit-test";
		};
		82CBFD2F291EC261008B535B /* Juno_AssigmentUITests */ = {
			isa = PBXNativeTarget;
			buildConfigurationList = 82CBFD40291EC261008B535B /* Build configuration list for PBXNativeTarget "Juno_AssigmentUITests" */;
			buildPhases = (
				49A066822F1C6D47C8C0D590 /* [CP] Check Pods Manifest.lock */,
				82CBFD2C291EC261008B535B /* Sources */,
				82CBFD2D291EC261008B535B /* Frameworks */,
				82CBFD2E291EC261008B535B /* Resources */,
				EA511F466FBA180023D41289 /* [CP] Embed Pods Frameworks */,
			);
			buildRules = (
			);
			dependencies = (
				82CBFD32291EC261008B535B /* PBXTargetDependency */,
			);
			name = Juno_AssigmentUITests;
			productName = Juno_AssigmentUITests;
			productReference = 82CBFD30291EC261008B535B /* Juno_AssigmentUITests.xctest */;
			productType = "com.apple.product-type.bundle.ui-testing";
		};
/* End PBXNativeTarget section */

/* Begin PBXProject section */
		82CBFD08291EC25F008B535B /* Project object */ = {
			isa = PBXProject;
			attributes = {
				BuildIndependentTargetsInParallel = 1;
				LastSwiftUpdateCheck = 1300;
				LastUpgradeCheck = 1300;
				TargetAttributes = {
					82CBFD0F291EC25F008B535B = {
						CreatedOnToolsVersion = 13.0;
					};
					82CBFD25291EC261008B535B = {
						CreatedOnToolsVersion = 13.0;
						TestTargetID = 82CBFD0F291EC25F008B535B;
					};
					82CBFD2F291EC261008B535B = {
						CreatedOnToolsVersion = 13.0;
						TestTargetID = 82CBFD0F291EC25F008B535B;
					};
				};
			};
			buildConfigurationList = 82CBFD0B291EC25F008B535B /* Build configuration list for PBXProject "Juno_Assigment" */;
			compatibilityVersion = "Xcode 13.0";
			developmentRegion = en;
			hasScannedForEncodings = 0;
			knownRegions = (
				en,
				Base,
			);
			mainGroup = 82CBFD07291EC25F008B535B;
			productRefGroup = 82CBFD11291EC25F008B535B /* Products */;
			projectDirPath = "";
			projectRoot = "";
			targets = (
				82CBFD0F291EC25F008B535B /* Juno_Assigment */,
				82CBFD25291EC261008B535B /* Juno_AssigmentTests */,
				82CBFD2F291EC261008B535B /* Juno_AssigmentUITests */,
			);
		};
/* End PBXProject section */

/* Begin PBXResourcesBuildPhase section */
		82CBFD0E291EC25F008B535B /* Resources */ = {
			isa = PBXResourcesBuildPhase;
			buildActionMask = 2147483647;
			files = (
				82CBFD5E291ED822008B535B /* MainScreenTableViewCell.xib in Resources */,
				82CBFD20291EC260008B535B /* LaunchScreen.storyboard in Resources */,
				82CBFD1B291EC25F008B535B /* Main.storyboard in Resources */,
				8237CBC92920E844005FCC87 /* Assets.xcassets in Resources */,
				8237CBC62920E809005FCC87 /* NavigationBar.xib in Resources */,
			);
			runOnlyForDeploymentPostprocessing = 0;
		};
		82CBFD24291EC261008B535B /* Resources */ = {
			isa = PBXResourcesBuildPhase;
			buildActionMask = 2147483647;
			files = (
			);
			runOnlyForDeploymentPostprocessing = 0;
		};
		82CBFD2E291EC261008B535B /* Resources */ = {
			isa = PBXResourcesBuildPhase;
			buildActionMask = 2147483647;
			files = (
			);
			runOnlyForDeploymentPostprocessing = 0;
		};
/* End PBXResourcesBuildPhase section */

/* Begin PBXShellScriptBuildPhase section */
		3247B3012E4136F0A5D9FE05 /* [CP] Check Pods Manifest.lock */ = {
			isa = PBXShellScriptBuildPhase;
			buildActionMask = 2147483647;
			files = (
			);
			inputFileListPaths = (
			);
			inputPaths = (
				"${PODS_PODFILE_DIR_PATH}/Podfile.lock",
				"${PODS_ROOT}/Manifest.lock",
			);
			name = "[CP] Check Pods Manifest.lock";
			outputFileListPaths = (
			);
			outputPaths = (
				"$(DERIVED_FILE_DIR)/Pods-Juno_Assigment-checkManifestLockResult.txt",
			);
			runOnlyForDeploymentPostprocessing = 0;
			shellPath = /bin/sh;
			shellScript = "diff \"${PODS_PODFILE_DIR_PATH}/Podfile.lock\" \"${PODS_ROOT}/Manifest.lock\" > /dev/null\nif [ $? != 0 ] ; then\n    # print error to STDERR\n    echo \"error: The sandbox is not in sync with the Podfile.lock. Run 'pod install' or update your CocoaPods installation.\" >&2\n    exit 1\nfi\n# This output is used by Xcode 'outputs' to avoid re-running this script phase.\necho \"SUCCESS\" > \"${SCRIPT_OUTPUT_FILE_0}\"\n";
			showEnvVarsInLog = 0;
		};
		49A066822F1C6D47C8C0D590 /* [CP] Check Pods Manifest.lock */ = {
			isa = PBXShellScriptBuildPhase;
			buildActionMask = 2147483647;
			files = (
			);
			inputFileListPaths = (
			);
			inputPaths = (
				"${PODS_PODFILE_DIR_PATH}/Podfile.lock",
				"${PODS_ROOT}/Manifest.lock",
			);
			name = "[CP] Check Pods Manifest.lock";
			outputFileListPaths = (
			);
			outputPaths = (
				"$(DERIVED_FILE_DIR)/Pods-Juno_Assigment-Juno_AssigmentUITests-checkManifestLockResult.txt",
			);
			runOnlyForDeploymentPostprocessing = 0;
			shellPath = /bin/sh;
			shellScript = "diff \"${PODS_PODFILE_DIR_PATH}/Podfile.lock\" \"${PODS_ROOT}/Manifest.lock\" > /dev/null\nif [ $? != 0 ] ; then\n    # print error to STDERR\n    echo \"error: The sandbox is not in sync with the Podfile.lock. Run 'pod install' or update your CocoaPods installation.\" >&2\n    exit 1\nfi\n# This output is used by Xcode 'outputs' to avoid re-running this script phase.\necho \"SUCCESS\" > \"${SCRIPT_OUTPUT_FILE_0}\"\n";
			showEnvVarsInLog = 0;
		};
		5B0418F33938625B847B3FF7 /* [CP] Check Pods Manifest.lock */ = {
			isa = PBXShellScriptBuildPhase;
			buildActionMask = 2147483647;
			files = (
			);
			inputFileListPaths = (
			);
			inputPaths = (
				"${PODS_PODFILE_DIR_PATH}/Podfile.lock",
				"${PODS_ROOT}/Manifest.lock",
			);
			name = "[CP] Check Pods Manifest.lock";
			outputFileListPaths = (
			);
			outputPaths = (
				"$(DERIVED_FILE_DIR)/Pods-Juno_AssigmentTests-checkManifestLockResult.txt",
			);
			runOnlyForDeploymentPostprocessing = 0;
			shellPath = /bin/sh;
			shellScript = "diff \"${PODS_PODFILE_DIR_PATH}/Podfile.lock\" \"${PODS_ROOT}/Manifest.lock\" > /dev/null\nif [ $? != 0 ] ; then\n    # print error to STDERR\n    echo \"error: The sandbox is not in sync with the Podfile.lock. Run 'pod install' or update your CocoaPods installation.\" >&2\n    exit 1\nfi\n# This output is used by Xcode 'outputs' to avoid re-running this script phase.\necho \"SUCCESS\" > \"${SCRIPT_OUTPUT_FILE_0}\"\n";
			showEnvVarsInLog = 0;
		};
		B213443173412117560DAC48 /* [CP] Embed Pods Frameworks */ = {
			isa = PBXShellScriptBuildPhase;
			buildActionMask = 2147483647;
			files = (
			);
			inputFileListPaths = (
				"${PODS_ROOT}/Target Support Files/Pods-Juno_Assigment/Pods-Juno_Assigment-frameworks-${CONFIGURATION}-input-files.xcfilelist",
			);
			name = "[CP] Embed Pods Frameworks";
			outputFileListPaths = (
				"${PODS_ROOT}/Target Support Files/Pods-Juno_Assigment/Pods-Juno_Assigment-frameworks-${CONFIGURATION}-output-files.xcfilelist",
			);
			runOnlyForDeploymentPostprocessing = 0;
			shellPath = /bin/sh;
			shellScript = "\"${PODS_ROOT}/Target Support Files/Pods-Juno_Assigment/Pods-Juno_Assigment-frameworks.sh\"\n";
			showEnvVarsInLog = 0;
		};
		EA511F466FBA180023D41289 /* [CP] Embed Pods Frameworks */ = {
			isa = PBXShellScriptBuildPhase;
			buildActionMask = 2147483647;
			files = (
			);
			inputFileListPaths = (
				"${PODS_ROOT}/Target Support Files/Pods-Juno_Assigment-Juno_AssigmentUITests/Pods-Juno_Assigment-Juno_AssigmentUITests-frameworks-${CONFIGURATION}-input-files.xcfilelist",
			);
			name = "[CP] Embed Pods Frameworks";
			outputFileListPaths = (
				"${PODS_ROOT}/Target Support Files/Pods-Juno_Assigment-Juno_AssigmentUITests/Pods-Juno_Assigment-Juno_AssigmentUITests-frameworks-${CONFIGURATION}-output-files.xcfilelist",
			);
			runOnlyForDeploymentPostprocessing = 0;
			shellPath = /bin/sh;
			shellScript = "\"${PODS_ROOT}/Target Support Files/Pods-Juno_Assigment-Juno_AssigmentUITests/Pods-Juno_Assigment-Juno_AssigmentUITests-frameworks.sh\"\n";
			showEnvVarsInLog = 0;
		};
/* End PBXShellScriptBuildPhase section */

/* Begin PBXSourcesBuildPhase section */
		82CBFD0C291EC25F008B535B /* Sources */ = {
			isa = PBXSourcesBuildPhase;
			buildActionMask = 2147483647;
			files = (
				82CBFD4B291EC884008B535B /* Crypto.swift in Sources */,
				82CBFD59291ED25A008B535B /* MainScreenViewModel.swift in Sources */,
				82CBFD52291EC961008B535B /* AllTransactions.swift in Sources */,
				82CBFD4E291EC8EA008B535B /* YourCryptoHoldings.swift in Sources */,
				8237CBC52920E809005FCC87 /* NavigationBar.swift in Sources */,
				82CBFD18291EC25F008B535B /* MainScreenViewController.swift in Sources */,
				82CBFD14291EC25F008B535B /* AppDelegate.swift in Sources */,
				82CBFD50291EC920008B535B /* CryptoPrices.swift in Sources */,
				8237CBCC2920E976005FCC87 /* ConstantString.swift in Sources */,
				82CBFD47291EC4D0008B535B /* DetailScreenViewController.swift in Sources */,
				82CBFD5D291ED822008B535B /* MainScreenTableViewCell.swift in Sources */,
				82CBFD49291EC81F008B535B /* CryptoBalance.swift in Sources */,
				82CBFD56291ECDEF008B535B /* CryptoNetworking.swift in Sources */,
				82CBFD16291EC25F008B535B /* SceneDelegate.swift in Sources */,
			);
			runOnlyForDeploymentPostprocessing = 0;
		};
		82CBFD22291EC261008B535B /* Sources */ = {
			isa = PBXSourcesBuildPhase;
			buildActionMask = 2147483647;
			files = (
				8237CBD02920F3AC005FCC87 /* NetworkTests.swift in Sources */,
			);
			runOnlyForDeploymentPostprocessing = 0;
		};
		82CBFD2C291EC261008B535B /* Sources */ = {
			isa = PBXSourcesBuildPhase;
			buildActionMask = 2147483647;
			files = (
				82CBFD37291EC261008B535B /* Juno_AssigmentUITestsLaunchTests.swift in Sources */,
				82CBFD35291EC261008B535B /* Juno_AssigmentUITests.swift in Sources */,
			);
			runOnlyForDeploymentPostprocessing = 0;
		};
/* End PBXSourcesBuildPhase section */

/* Begin PBXTargetDependency section */
		82CBFD28291EC261008B535B /* PBXTargetDependency */ = {
			isa = PBXTargetDependency;
			target = 82CBFD0F291EC25F008B535B /* Juno_Assigment */;
			targetProxy = 82CBFD27291EC261008B535B /* PBXContainerItemProxy */;
		};
		82CBFD32291EC261008B535B /* PBXTargetDependency */ = {
			isa = PBXTargetDependency;
			target = 82CBFD0F291EC25F008B535B /* Juno_Assigment */;
			targetProxy = 82CBFD31291EC261008B535B /* PBXContainerItemProxy */;
		};
/* End PBXTargetDependency section */

/* Begin PBXVariantGroup section */
		82CBFD19291EC25F008B535B /* Main.storyboard */ = {
			isa = PBXVariantGroup;
			children = (
				82CBFD1A291EC25F008B535B /* Base */,
			);
			name = Main.storyboard;
			sourceTree = "<group>";
		};
		82CBFD1E291EC260008B535B /* LaunchScreen.storyboard */ = {
			isa = PBXVariantGroup;
			children = (
				82CBFD1F291EC260008B535B /* Base */,
			);
			name = LaunchScreen.storyboard;
			sourceTree = "<group>";
		};
/* End PBXVariantGroup section */

/* Begin XCBuildConfiguration section */
		82CBFD38291EC261008B535B /* Debug */ = {
			isa = XCBuildConfiguration;
			buildSettings = {
				ALWAYS_SEARCH_USER_PATHS = NO;
				CLANG_ANALYZER_NONNULL = YES;
				CLANG_ANALYZER_NUMBER_OBJECT_CONVERSION = YES_AGGRESSIVE;
				CLANG_CXX_LANGUAGE_STANDARD = "gnu++17";
				CLANG_CXX_LIBRARY = "libc++";
				CLANG_ENABLE_MODULES = YES;
				CLANG_ENABLE_OBJC_ARC = YES;
				CLANG_ENABLE_OBJC_WEAK = YES;
				CLANG_WARN_BLOCK_CAPTURE_AUTORELEASING = YES;
				CLANG_WARN_BOOL_CONVERSION = YES;
				CLANG_WARN_COMMA = YES;
				CLANG_WARN_CONSTANT_CONVERSION = YES;
				CLANG_WARN_DEPRECATED_OBJC_IMPLEMENTATIONS = YES;
				CLANG_WARN_DIRECT_OBJC_ISA_USAGE = YES_ERROR;
				CLANG_WARN_DOCUMENTATION_COMMENTS = YES;
				CLANG_WARN_EMPTY_BODY = YES;
				CLANG_WARN_ENUM_CONVERSION = YES;
				CLANG_WARN_INFINITE_RECURSION = YES;
				CLANG_WARN_INT_CONVERSION = YES;
				CLANG_WARN_NON_LITERAL_NULL_CONVERSION = YES;
				CLANG_WARN_OBJC_IMPLICIT_RETAIN_SELF = YES;
				CLANG_WARN_OBJC_LITERAL_CONVERSION = YES;
				CLANG_WARN_OBJC_ROOT_CLASS = YES_ERROR;
				CLANG_WARN_QUOTED_INCLUDE_IN_FRAMEWORK_HEADER = YES;
				CLANG_WARN_RANGE_LOOP_ANALYSIS = YES;
				CLANG_WARN_STRICT_PROTOTYPES = YES;
				CLANG_WARN_SUSPICIOUS_MOVE = YES;
				CLANG_WARN_UNGUARDED_AVAILABILITY = YES_AGGRESSIVE;
				CLANG_WARN_UNREACHABLE_CODE = YES;
				CLANG_WARN__DUPLICATE_METHOD_MATCH = YES;
				COPY_PHASE_STRIP = NO;
				DEBUG_INFORMATION_FORMAT = dwarf;
				ENABLE_STRICT_OBJC_MSGSEND = YES;
				ENABLE_TESTABILITY = YES;
				GCC_C_LANGUAGE_STANDARD = gnu11;
				GCC_DYNAMIC_NO_PIC = NO;
				GCC_NO_COMMON_BLOCKS = YES;
				GCC_OPTIMIZATION_LEVEL = 0;
				GCC_PREPROCESSOR_DEFINITIONS = (
					"DEBUG=1",
					"$(inherited)",
				);
				GCC_WARN_64_TO_32_BIT_CONVERSION = YES;
				GCC_WARN_ABOUT_RETURN_TYPE = YES_ERROR;
				GCC_WARN_UNDECLARED_SELECTOR = YES;
				GCC_WARN_UNINITIALIZED_AUTOS = YES_AGGRESSIVE;
				GCC_WARN_UNUSED_FUNCTION = YES;
				GCC_WARN_UNUSED_VARIABLE = YES;
				IPHONEOS_DEPLOYMENT_TARGET = 15.0;
				MTL_ENABLE_DEBUG_INFO = INCLUDE_SOURCE;
				MTL_FAST_MATH = YES;
				ONLY_ACTIVE_ARCH = YES;
				SDKROOT = iphoneos;
				SWIFT_ACTIVE_COMPILATION_CONDITIONS = DEBUG;
				SWIFT_OPTIMIZATION_LEVEL = "-Onone";
			};
			name = Debug;
		};
		82CBFD39291EC261008B535B /* Release */ = {
			isa = XCBuildConfiguration;
			buildSettings = {
				ALWAYS_SEARCH_USER_PATHS = NO;
				CLANG_ANALYZER_NONNULL = YES;
				CLANG_ANALYZER_NUMBER_OBJECT_CONVERSION = YES_AGGRESSIVE;
				CLANG_CXX_LANGUAGE_STANDARD = "gnu++17";
				CLANG_CXX_LIBRARY = "libc++";
				CLANG_ENABLE_MODULES = YES;
				CLANG_ENABLE_OBJC_ARC = YES;
				CLANG_ENABLE_OBJC_WEAK = YES;
				CLANG_WARN_BLOCK_CAPTURE_AUTORELEASING = YES;
				CLANG_WARN_BOOL_CONVERSION = YES;
				CLANG_WARN_COMMA = YES;
				CLANG_WARN_CONSTANT_CONVERSION = YES;
				CLANG_WARN_DEPRECATED_OBJC_IMPLEMENTATIONS = YES;
				CLANG_WARN_DIRECT_OBJC_ISA_USAGE = YES_ERROR;
				CLANG_WARN_DOCUMENTATION_COMMENTS = YES;
				CLANG_WARN_EMPTY_BODY = YES;
				CLANG_WARN_ENUM_CONVERSION = YES;
				CLANG_WARN_INFINITE_RECURSION = YES;
				CLANG_WARN_INT_CONVERSION = YES;
				CLANG_WARN_NON_LITERAL_NULL_CONVERSION = YES;
				CLANG_WARN_OBJC_IMPLICIT_RETAIN_SELF = YES;
				CLANG_WARN_OBJC_LITERAL_CONVERSION = YES;
				CLANG_WARN_OBJC_ROOT_CLASS = YES_ERROR;
				CLANG_WARN_QUOTED_INCLUDE_IN_FRAMEWORK_HEADER = YES;
				CLANG_WARN_RANGE_LOOP_ANALYSIS = YES;
				CLANG_WARN_STRICT_PROTOTYPES = YES;
				CLANG_WARN_SUSPICIOUS_MOVE = YES;
				CLANG_WARN_UNGUARDED_AVAILABILITY = YES_AGGRESSIVE;
				CLANG_WARN_UNREACHABLE_CODE = YES;
				CLANG_WARN__DUPLICATE_METHOD_MATCH = YES;
				COPY_PHASE_STRIP = NO;
				DEBUG_INFORMATION_FORMAT = "dwarf-with-dsym";
				ENABLE_NS_ASSERTIONS = NO;
				ENABLE_STRICT_OBJC_MSGSEND = YES;
				GCC_C_LANGUAGE_STANDARD = gnu11;
				GCC_NO_COMMON_BLOCKS = YES;
				GCC_WARN_64_TO_32_BIT_CONVERSION = YES;
				GCC_WARN_ABOUT_RETURN_TYPE = YES_ERROR;
				GCC_WARN_UNDECLARED_SELECTOR = YES;
				GCC_WARN_UNINITIALIZED_AUTOS = YES_AGGRESSIVE;
				GCC_WARN_UNUSED_FUNCTION = YES;
				GCC_WARN_UNUSED_VARIABLE = YES;
				IPHONEOS_DEPLOYMENT_TARGET = 15.0;
				MTL_ENABLE_DEBUG_INFO = NO;
				MTL_FAST_MATH = YES;
				SDKROOT = iphoneos;
				SWIFT_COMPILATION_MODE = wholemodule;
				SWIFT_OPTIMIZATION_LEVEL = "-O";
				VALIDATE_PRODUCT = YES;
			};
			name = Release;
		};
		82CBFD3B291EC261008B535B /* Debug */ = {
			isa = XCBuildConfiguration;
			baseConfigurationReference = 8E8821FBAB2787DB13D91A25 /* Pods-Juno_Assigment.debug.xcconfig */;
			buildSettings = {
				ASSETCATALOG_COMPILER_APPICON_NAME = AppIcon;
				ASSETCATALOG_COMPILER_GLOBAL_ACCENT_COLOR_NAME = AccentColor;
				CODE_SIGN_STYLE = Automatic;
				CURRENT_PROJECT_VERSION = 1;
				GENERATE_INFOPLIST_FILE = YES;
				INFOPLIST_FILE = Juno_Assigment/Info.plist;
				INFOPLIST_KEY_UIApplicationSupportsIndirectInputEvents = YES;
				INFOPLIST_KEY_UILaunchStoryboardName = LaunchScreen;
				INFOPLIST_KEY_UIMainStoryboardFile = Main;
				INFOPLIST_KEY_UISupportedInterfaceOrientations_iPad = "UIInterfaceOrientationPortrait UIInterfaceOrientationPortraitUpsideDown UIInterfaceOrientationLandscapeLeft UIInterfaceOrientationLandscapeRight";
				INFOPLIST_KEY_UISupportedInterfaceOrientations_iPhone = "UIInterfaceOrientationPortrait UIInterfaceOrientationLandscapeLeft UIInterfaceOrientationLandscapeRight";
				LD_RUNPATH_SEARCH_PATHS = (
					"$(inherited)",
					"@executable_path/Frameworks",
				);
				MARKETING_VERSION = 1.0;
				PRODUCT_BUNDLE_IDENTIFIER = "pratice.Juno-Assigment";
				PRODUCT_NAME = "$(TARGET_NAME)";
				SWIFT_EMIT_LOC_STRINGS = YES;
				SWIFT_VERSION = 5.0;
				TARGETED_DEVICE_FAMILY = "1,2";
			};
			name = Debug;
		};
		82CBFD3C291EC261008B535B /* Release */ = {
			isa = XCBuildConfiguration;
			baseConfigurationReference = A93C655169C94D0BE1AC3521 /* Pods-Juno_Assigment.release.xcconfig */;
			buildSettings = {
				ASSETCATALOG_COMPILER_APPICON_NAME = AppIcon;
				ASSETCATALOG_COMPILER_GLOBAL_ACCENT_COLOR_NAME = AccentColor;
				CODE_SIGN_STYLE = Automatic;
				CURRENT_PROJECT_VERSION = 1;
				GENERATE_INFOPLIST_FILE = YES;
				INFOPLIST_FILE = Juno_Assigment/Info.plist;
				INFOPLIST_KEY_UIApplicationSupportsIndirectInputEvents = YES;
				INFOPLIST_KEY_UILaunchStoryboardName = LaunchScreen;
				INFOPLIST_KEY_UIMainStoryboardFile = Main;
				INFOPLIST_KEY_UISupportedInterfaceOrientations_iPad = "UIInterfaceOrientationPortrait UIInterfaceOrientationPortraitUpsideDown UIInterfaceOrientationLandscapeLeft UIInterfaceOrientationLandscapeRight";
				INFOPLIST_KEY_UISupportedInterfaceOrientations_iPhone = "UIInterfaceOrientationPortrait UIInterfaceOrientationLandscapeLeft UIInterfaceOrientationLandscapeRight";
				LD_RUNPATH_SEARCH_PATHS = (
					"$(inherited)",
					"@executable_path/Frameworks",
				);
				MARKETING_VERSION = 1.0;
				PRODUCT_BUNDLE_IDENTIFIER = "pratice.Juno-Assigment";
				PRODUCT_NAME = "$(TARGET_NAME)";
				SWIFT_EMIT_LOC_STRINGS = YES;
				SWIFT_VERSION = 5.0;
				TARGETED_DEVICE_FAMILY = "1,2";
			};
			name = Release;
		};
		82CBFD3E291EC261008B535B /* Debug */ = {
			isa = XCBuildConfiguration;
			baseConfigurationReference = 857E5044BEE82518ACE231CC /* Pods-Juno_AssigmentTests.debug.xcconfig */;
			buildSettings = {
				ALWAYS_EMBED_SWIFT_STANDARD_LIBRARIES = YES;
				BUNDLE_LOADER = "$(TEST_HOST)";
				CODE_SIGN_STYLE = Automatic;
				CURRENT_PROJECT_VERSION = 1;
				GENERATE_INFOPLIST_FILE = YES;
				IPHONEOS_DEPLOYMENT_TARGET = 15.0;
				LD_RUNPATH_SEARCH_PATHS = (
					"$(inherited)",
					"@executable_path/Frameworks",
					"@loader_path/Frameworks",
				);
				MARKETING_VERSION = 1.0;
				PRODUCT_BUNDLE_IDENTIFIER = "pratice.Juno-AssigmentTests";
				PRODUCT_NAME = "$(TARGET_NAME)";
				SWIFT_EMIT_LOC_STRINGS = NO;
				SWIFT_VERSION = 5.0;
				TARGETED_DEVICE_FAMILY = "1,2";
				TEST_HOST = "$(BUILT_PRODUCTS_DIR)/Juno_Assigment.app/Juno_Assigment";
			};
			name = Debug;
		};
		82CBFD3F291EC261008B535B /* Release */ = {
			isa = XCBuildConfiguration;
			baseConfigurationReference = 98B6D647B657890E8A12D7FB /* Pods-Juno_AssigmentTests.release.xcconfig */;
			buildSettings = {
				ALWAYS_EMBED_SWIFT_STANDARD_LIBRARIES = YES;
				BUNDLE_LOADER = "$(TEST_HOST)";
				CODE_SIGN_STYLE = Automatic;
				CURRENT_PROJECT_VERSION = 1;
				GENERATE_INFOPLIST_FILE = YES;
				IPHONEOS_DEPLOYMENT_TARGET = 15.0;
				LD_RUNPATH_SEARCH_PATHS = (
					"$(inherited)",
					"@executable_path/Frameworks",
					"@loader_path/Frameworks",
				);
				MARKETING_VERSION = 1.0;
				PRODUCT_BUNDLE_IDENTIFIER = "pratice.Juno-AssigmentTests";
				PRODUCT_NAME = "$(TARGET_NAME)";
				SWIFT_EMIT_LOC_STRINGS = NO;
				SWIFT_VERSION = 5.0;
				TARGETED_DEVICE_FAMILY = "1,2";
				TEST_HOST = "$(BUILT_PRODUCTS_DIR)/Juno_Assigment.app/Juno_Assigment";
			};
			name = Release;
		};
		82CBFD41291EC261008B535B /* Debug */ = {
			isa = XCBuildConfiguration;
			baseConfigurationReference = E88B4BC3C2C58355CEBE3008 /* Pods-Juno_Assigment-Juno_AssigmentUITests.debug.xcconfig */;
			buildSettings = {
				ALWAYS_EMBED_SWIFT_STANDARD_LIBRARIES = YES;
				CODE_SIGN_STYLE = Automatic;
				CURRENT_PROJECT_VERSION = 1;
				GENERATE_INFOPLIST_FILE = YES;
				LD_RUNPATH_SEARCH_PATHS = (
					"$(inherited)",
					"@executable_path/Frameworks",
					"@loader_path/Frameworks",
				);
				MARKETING_VERSION = 1.0;
				PRODUCT_BUNDLE_IDENTIFIER = "pratice.Juno-AssigmentUITests";
				PRODUCT_NAME = "$(TARGET_NAME)";
				SWIFT_EMIT_LOC_STRINGS = NO;
				SWIFT_VERSION = 5.0;
				TARGETED_DEVICE_FAMILY = "1,2";
				TEST_TARGET_NAME = Juno_Assigment;
			};
			name = Debug;
		};
		82CBFD42291EC261008B535B /* Release */ = {
			isa = XCBuildConfiguration;
			baseConfigurationReference = 7E08EE8CAD28A010DDA55492 /* Pods-Juno_Assigment-Juno_AssigmentUITests.release.xcconfig */;
			buildSettings = {
				ALWAYS_EMBED_SWIFT_STANDARD_LIBRARIES = YES;
				CODE_SIGN_STYLE = Automatic;
				CURRENT_PROJECT_VERSION = 1;
				GENERATE_INFOPLIST_FILE = YES;
				LD_RUNPATH_SEARCH_PATHS = (
					"$(inherited)",
					"@executable_path/Frameworks",
					"@loader_path/Frameworks",
				);
				MARKETING_VERSION = 1.0;
				PRODUCT_BUNDLE_IDENTIFIER = "pratice.Juno-AssigmentUITests";
				PRODUCT_NAME = "$(TARGET_NAME)";
				SWIFT_EMIT_LOC_STRINGS = NO;
				SWIFT_VERSION = 5.0;
				TARGETED_DEVICE_FAMILY = "1,2";
				TEST_TARGET_NAME = Juno_Assigment;
			};
			name = Release;
		};
/* End XCBuildConfiguration section */

/* Begin XCConfigurationList section */
		82CBFD0B291EC25F008B535B /* Build configuration list for PBXProject "Juno_Assigment" */ = {
			isa = XCConfigurationList;
			buildConfigurations = (
				82CBFD38291EC261008B535B /* Debug */,
				82CBFD39291EC261008B535B /* Release */,
			);
			defaultConfigurationIsVisible = 0;
			defaultConfigurationName = Release;
		};
		82CBFD3A291EC261008B535B /* Build configuration list for PBXNativeTarget "Juno_Assigment" */ = {
			isa = XCConfigurationList;
			buildConfigurations = (
				82CBFD3B291EC261008B535B /* Debug */,
				82CBFD3C291EC261008B535B /* Release */,
			);
			defaultConfigurationIsVisible = 0;
			defaultConfigurationName = Release;
		};
		82CBFD3D291EC261008B535B /* Build configuration list for PBXNativeTarget "Juno_AssigmentTests" */ = {
			isa = XCConfigurationList;
			buildConfigurations = (
				82CBFD3E291EC261008B535B /* Debug */,
				82CBFD3F291EC261008B535B /* Release */,
			);
			defaultConfigurationIsVisible = 0;
			defaultConfigurationName = Release;
		};
		82CBFD40291EC261008B535B /* Build configuration list for PBXNativeTarget "Juno_AssigmentUITests" */ = {
			isa = XCConfigurationList;
			buildConfigurations = (
				82CBFD41291EC261008B535B /* Debug */,
				82CBFD42291EC261008B535B /* Release */,
			);
			defaultConfigurationIsVisible = 0;
			defaultConfigurationName = Release;
		};
/* End XCConfigurationList section */
	};
	rootObject = 82CBFD08291EC25F008B535B /* Project object */;
}
